<?xml version="1.0" encoding="utf-8"?>
<Project ToolsVersion="4.0" xmlns="http://schemas.microsoft.com/developer/msbuild/2003">
  <ItemGroup>
    <Filter Include="源文件">
      <UniqueIdentifier>{4FC737F1-C7A5-4376-A066-2A32D752A2FF}</UniqueIdentifier>
      <Extensions>cpp;c;cc;cxx;c++;cppm;ixx;def;odl;idl;hpj;bat;asm;asmx</Extensions>
    </Filter>
    <Filter Include="头文件">
      <UniqueIdentifier>{93995380-89BD-4b04-88EB-625FBE52EBFB}</UniqueIdentifier>
      <Extensions>h;hh;hpp;hxx;h++;hm;inl;inc;ipp;xsd</Extensions>
    </Filter>
    <Filter Include="资源文件">
      <UniqueIdentifier>{67DA6AB6-F800-4c08-8B7A-83BB121AAD01}</UniqueIdentifier>
      <Extensions>rc;ico;cur;bmp;dlg;rc2;rct;bin;rgs;gif;jpg;jpeg;jpe;resx;tiff;tif;png;wav;mfcribbon-ms</Extensions>
    </Filter>
    <Filter Include="头文件\core">
      <UniqueIdentifier>{b726641b-e557-4ddd-8cee-665fc8c33f59}</UniqueIdentifier>
    </Filter>
    <Filter Include="头文件\Scenes">
      <UniqueIdentifier>{f29c4d62-531e-4057-bae5-026b58047c8a}</UniqueIdentifier>
    </Filter>
    <Filter Include="头文件\utils">
      <UniqueIdentifier>{38b8467d-5b8a-4411-ab90-5ce7b697f5ca}</UniqueIdentifier>
    </Filter>
    <Filter Include="头文件\objects">
      <UniqueIdentifier>{2c7440d1-8cfd-4c89-9d66-cbf81a79de7d}</UniqueIdentifier>
    </Filter>
  </ItemGroup>
  <ItemGroup>
    <ClInclude Include="Resource_manager.h">
      <Filter>头文件\core</Filter>
    </ClInclude>
    <ClInclude Include="Scene_manager.h">
      <Filter>头文件\Scenes</Filter>
    </ClInclude>
    <ClInclude Include="level.h">
      <Filter>头文件\Scenes</Filter>
    </ClInclude>
    <ClInclude Include="Scenes.h">
      <Filter>头文件\Scenes</Filter>
    </ClInclude>
    <ClInclude Include="Menu.h">
      <Filter>头文件\Scenes</Filter>
    </ClInclude>
    <ClInclude Include="pool.h">
      <Filter>头文件\utils</Filter>
    </ClInclude>
    <ClInclude Include="timer.h">
      <Filter>头文件\utils</Filter>
    </ClInclude>
    <ClInclude Include="tools.h">
      <Filter>头文件\utils</Filter>
    </ClInclude>
    <ClInclude Include="item_pool.h">
      <Filter>头文件\utils</Filter>
    </ClInclude>
    <ClInclude Include="bar.h">
      <Filter>头文件\Scenes</Filter>
    </ClInclude>
    <ClInclude Include="wave_config.h">
      <Filter>头文件\Scenes</Filter>
    </ClInclude>
    <ClInclude Include="Bullets.h">
      <Filter>头文件\objects</Filter>
    </ClInclude>
    <ClInclude Include="plants.h">
      <Filter>头文件\objects</Filter>
    </ClInclude>
    <ClInclude Include="sunball.h">
      <Filter>头文件\objects</Filter>
    </ClInclude>
    <ClInclude Include="zombies.h">
      <Filter>头文件\objects</Filter>
    </ClInclude>
  </ItemGroup>
  <ItemGroup>
    <ClCompile Include="bar.cpp">
      <Filter>源文件</Filter>
    </ClCompile>
    <ClCompile Include="level.cpp">
      <Filter>源文件</Filter>
    </ClCompile>
    <ClCompile Include="main.cpp">
      <Filter>源文件</Filter>
    </ClCompile>
    <ClCompile Include="plants.cpp">
      <Filter>源文件</Filter>
    </ClCompile>
    <ClCompile Include="tools.cpp">
      <Filter>源文件</Filter>
    </ClCompile>
    <ClCompile Include="zombies.cpp">
      <Filter>源文件</Filter>
    </ClCompile>
    <ClCompile Include="All_plants.cpp">
      <Filter>资源文件</Filter>
    </ClCompile>
    <ClCompile Include="timer.cpp">
      <Filter>源文件</Filter>
    </ClCompile>
    <ClCompile Include="Menu.cpp">
      <Filter>源文件</Filter>
    </ClCompile>
    <ClCompile Include="Scene_manager.cpp">
      <Filter>源文件</Filter>
    </ClCompile>
    <ClCompile Include="sunball.cpp">
      <Filter>源文件</Filter>
    </ClCompile>
    <ClCompile Include="Resource_manager.cpp">
      <Filter>源文件</Filter>
    </ClCompile>
    <ClCompile Include="Bullets.cpp">
      <Filter>源文件</Filter>
    </ClCompile>
    <ClCompile Include="item_pool.cpp">
      <Filter>源文件</Filter>
    </ClCompile>
    <ClCompile Include="wave_config.cpp">
      <Filter>源文件</Filter>
    </ClCompile>
    <ClCompile Include="All_zombies.cpp">
      <Filter>资源文件</Filter>
    </ClCompile>
  </ItemGroup>
</Project>